
Microsoft Visual Studio Solution File, Format Version 12.00
Project("{2150E333-8FDC-42A3-9474-1A3956D46DE8}") = "src", "src", "{827E0CD3-B72D-47B6-A68D-7590B98EB39B}"
EndProject
Project("{2150E333-8FDC-42A3-9474-1A3956D46DE8}") = "Host", "Host", "{981C2CF6-E5BB-602A-511C-234B538302B0}"
EndProject
Project("{FAE04EC0-301F-11D3-BF4B-00C04F79EFBC}") = "OspreyPulseAPI.Api", "src\Host\OspreyPulseAPI.Api\OspreyPulseAPI.Api.csproj", "{F99874BF-7FFD-457F-86F6-3B9BD4DE640B}"
EndProject
Project("{2150E333-8FDC-42A3-9474-1A3956D46DE8}") = "Modules", "Modules", "{EC447DCF-ABFA-6E24-52A5-D7FD48A5C558}"
EndProject
Project("{2150E333-8FDC-42A3-9474-1A3956D46DE8}") = "Competitions", "Competitions", "{CC3CEE35-D458-9EF3-A57A-520034201555}"
EndProject
Project("{FAE04EC0-301F-11D3-BF4B-00C04F79EFBC}") = "OspreyPulseAPI.Modules.Competitions.Domain", "src\Modules\Competitions\OspreyPulseAPI.Modules.Competitions.Domain\OspreyPulseAPI.Modules.Competitions.Domain.csproj", "{68A454A3-247C-4401-B854-CEA7D8642B73}"
EndProject
Project("{2150E333-8FDC-42A3-9474-1A3956D46DE8}") = "Sports.NBA", "Sports.NBA", "{04722469-8B03-4186-B604-982B3900F33F}"
EndProject
Project("{FAE04EC0-301F-11D3-BF4B-00C04F79EFBC}") = "OspreyPulseAPI.Modules.Sports.NBA.Domain", "src\Modules\Sports.NBA\OspreyPulseAPI.Modules.Sports.NBA.Domain\OspreyPulseAPI.Modules.Sports.NBA.Domain.csproj", "{C206D2DA-01E6-4D3D-B1F4-B86364940F9A}"
EndProject
Project("{FAE04EC0-301F-11D3-BF4B-00C04F79EFBC}") = "OspreyPulseAPI.Modules.Sports.NBA.Application", "src\Modules\Sports.NBA\OspreyPulseAPI.Modules.Sports.NBA.Application\OspreyPulseAPI.Modules.Sports.NBA.Application.csproj", "{27809292-E5DF-486A-9288-DADE1A2019F7}"
EndProject
Project("{FAE04EC0-301F-11D3-BF4B-00C04F79EFBC}") = "OspreyPulseAPI.Modules.Competitions.Presentation", "src\Modules\Competitions\OspreyPulseAPI.Modules.Competitions.Presentation\OspreyPulseAPI.Modules.Competitions.Presentation.csproj", "{F4EE662D-47B3-494A-B498-D161089698E6}"
EndProject
Project("{2150E333-8FDC-42A3-9474-1A3956D46DE8}") = "AI", "AI", "{BB1D8860-8311-E62E-D03C-503AF4A8C141}"
EndProject
Project("{FAE04EC0-301F-11D3-BF4B-00C04F79EFBC}") = "OspreyPulseAPI.Modules.AI.Domain", "src\Modules\AI\OspreyPulseAPI.Modules.AI.Domain\OspreyPulseAPI.Modules.AI.Domain.csproj", "{4660220E-B454-4B1C-A75D-D0E55C2936E9}"
EndProject
Project("{FAE04EC0-301F-11D3-BF4B-00C04F79EFBC}") = "OspreyPulseAPI.Modules.AI.Application", "src\Modules\AI\OspreyPulseAPI.Modules.AI.Application\OspreyPulseAPI.Modules.AI.Application.csproj", "{B39CEF37-8BD3-4025-BDA1-A82ED10E3A31}"
EndProject
Project("{FAE04EC0-301F-11D3-BF4B-00C04F79EFBC}") = "OspreyPulseAPI.Modules.AI.Infrastructure", "src\Modules\AI\OspreyPulseAPI.Modules.AI.Infrastructure\OspreyPulseAPI.Modules.AI.Infrastructure.csproj", "{EAFD06D9-9A60-49EC-9704-EDA1743DF967}"
EndProject
Project("{FAE04EC0-301F-11D3-BF4B-00C04F79EFBC}") = "OspreyPulseAPI.Modules.AI.Presentation", "src\Modules\AI\OspreyPulseAPI.Modules.AI.Presentation\OspreyPulseAPI.Modules.AI.Presentation.csproj", "{D3D21BBB-D9A5-4A5A-A840-591C25CD9D41}"
EndProject
Project("{2150E333-8FDC-42A3-9474-1A3956D46DE8}") = "tests", "tests", "{0AB3BF05-4346-4AA6-1389-037BE0695223}"
EndProject
Project("{FAE04EC0-301F-11D3-BF4B-00C04F79EFBC}") = "OspreyPulseAPI.Tests.Unit", "tests\OspreyPulseAPI.Tests.Unit\OspreyPulseAPI.Tests.Unit.csproj", "{A1C9D173-B7F3-40CB-94D0-157911D99DF6}"
EndProject
Project("{FAE04EC0-301F-11D3-BF4B-00C04F79EFBC}") = "OspreyPulseAPI.Tests.Integration", "tests\OspreyPulseAPI.Tests.Integration\OspreyPulseAPI.Tests.Integration.csproj", "{C45FA8A9-969A-456D-B5CD-91E5479F5935}"
EndProject
Project("{2150E333-8FDC-42A3-9474-1A3956D46DE8}") = "Economy", "Economy", "{FF9B44C8-2461-63A0-7A93-9FA943E63718}"
EndProject
Project("{FAE04EC0-301F-11D3-BF4B-00C04F79EFBC}") = "OspreyPulseAPI.Modules.Economy.Infrastructure", "src\Modules\Economy\OspreyPulseAPI.Modules.Economy.Infrastructure\OspreyPulseAPI.Modules.Economy.Infrastructure.csproj", "{9048C9B6-14C0-4480-8386-64841483344D}"
EndProject
Project("{FAE04EC0-301F-11D3-BF4B-00C04F79EFBC}") = "OspreyPulseAPI.Modules.Economy.Presentation", "src\Modules\Economy\OspreyPulseAPI.Modules.Economy.Presentation\OspreyPulseAPI.Modules.Economy.Presentation.csproj", "{F3CFF5BE-1A36-4657-9B77-C7E4279B2562}"
EndProject
Project("{2150E333-8FDC-42A3-9474-1A3956D46DE8}") = "Identity", "Identity", "{0EC62A1A-9858-3A60-8A0C-FC9AACFA2EC7}"
EndProject
Project("{FAE04EC0-301F-11D3-BF4B-00C04F79EFBC}") = "OspreyPulseAPI.Modules.Identity.Infrastructure", "src\Modules\Identity\OspreyPulseAPI.Modules.Identity.Infrastructure\OspreyPulseAPI.Modules.Identity.Infrastructure.csproj", "{0E2D04E7-F713-419D-BA6F-74E496B98FC2}"
EndProject
Project("{FAE04EC0-301F-11D3-BF4B-00C04F79EFBC}") = "OspreyPulseAPI.Modules.Identity.Presentation", "src\Modules\Identity\OspreyPulseAPI.Modules.Identity.Presentation\OspreyPulseAPI.Modules.Identity.Presentation.csproj", "{39A9D23B-6B97-4F2F-9B43-697CF93D87E8}"
EndProject
Project("{2150E333-8FDC-42A3-9474-1A3956D46DE8}") = "Shared", "Shared", "{C8E42992-5E42-0C2B-DBFE-AA848D06431C}"
EndProject
Project("{FAE04EC0-301F-11D3-BF4B-00C04F79EFBC}") = "OspreyPulseAPI.Shared.Kernel", "src\Shared\OspreyPulseAPI.Shared.Kernel\OspreyPulseAPI.Shared.Kernel.csproj", "{AA3538BA-0EA8-4A21-8DFA-FC207CF28FC2}"
EndProject
Project("{FAE04EC0-301F-11D3-BF4B-00C04F79EFBC}") = "OspreyPulseAPI.Shared.Infra", "src\Shared\OspreyPulseAPI.Shared.Infra\OspreyPulseAPI.Shared.Infra.csproj", "{DE8CBE61-A652-4A03-8F83-9DDCD2D180D4}"
EndProject
Project("{FAE04EC0-301F-11D3-BF4B-00C04F79EFBC}") = "OspreyPulseAPI.Modules.Identity.Domain", "src\Modules\Identity\OspreyPulseAPI.Modules.Identity.Domain\OspreyPulseAPI.Modules.Identity.Domain.csproj", "{DC30CE60-C3E9-4D42-95D5-1F8B450D26FE}"
EndProject
Project("{FAE04EC0-301F-11D3-BF4B-00C04F79EFBC}") = "OspreyPulseAPI.Modules.Identity.Application", "src\Modules\Identity\OspreyPulseAPI.Modules.Identity.Application\OspreyPulseAPI.Modules.Identity.Application.csproj", "{FFFC81BB-16EC-4417-B26D-C03ACA492CB5}"
EndProject
Project("{FAE04EC0-301F-11D3-BF4B-00C04F79EFBC}") = "OspreyPulseAPI.Modules.Competitions.Application", "src\Modules\Competitions\OspreyPulseAPI.Modules.Competitions.Application\OspreyPulseAPI.Modules.Competitions.Application.csproj", "{48C15CD6-301C-448C-804D-3A3B941E78DA}"
EndProject
Project("{FAE04EC0-301F-11D3-BF4B-00C04F79EFBC}") = "OspreyPulseAPI.Modules.Competitions.Infrastructure", "src\Modules\Competitions\OspreyPulseAPI.Modules.Competitions.Infrastructure\OspreyPulseAPI.Modules.Competitions.Infrastructure.csproj", "{3907AB24-ABDF-4C15-B892-B92D48362413}"
EndProject
Project("{FAE04EC0-301F-11D3-BF4B-00C04F79EFBC}") = "OspreyPulseAPI.Modules.Sports.NBA.Infrastructure", "src\Modules\Sports.NBA\OspreyPulseAPI.Modules.Sports.NBA.Infrastructure\OspreyPulseAPI.Modules.Sports.NBA.Infrastructure.csproj", "{6FE6F07B-15D6-4D45-A562-3D4318087004}"
EndProject
Project("{FAE04EC0-301F-11D3-BF4B-00C04F79EFBC}") = "OspreyPulseAPI.Modules.Sports.NBA.Presentation", "src\Modules\Sports.NBA\OspreyPulseAPI.Modules.Sports.NBA.Presentation\OspreyPulseAPI.Modules.Sports.NBA.Presentation.csproj", "{1FE1E282-C910-4691-8B50-E4D8D23B37D8}"
EndProject
Project("{2150E333-8FDC-42A3-9474-1A3956D46DE8}") = "Social", "Social", "{33660D39-1269-9B84-677B-56E9D3E08720}"
EndProject
Project("{FAE04EC0-301F-11D3-BF4B-00C04F79EFBC}") = "OspreyPulseAPI.Modules.Social.Domain", "src\Modules\Social\OspreyPulseAPI.Modules.Social.Domain\OspreyPulseAPI.Modules.Social.Domain.csproj", "{B06E8E18-8798-4A26-B2A8-4C988F76B470}"
EndProject
Project("{FAE04EC0-301F-11D3-BF4B-00C04F79EFBC}") = "OspreyPulseAPI.Modules.Social.Application", "src\Modules\Social\OspreyPulseAPI.Modules.Social.Application\OspreyPulseAPI.Modules.Social.Application.csproj", "{0E384C35-140B-4196-BF94-CEC6D6A82BB2}"
EndProject
Project("{FAE04EC0-301F-11D3-BF4B-00C04F79EFBC}") = "OspreyPulseAPI.Modules.Social.Infrastructure", "src\Modules\Social\OspreyPulseAPI.Modules.Social.Infrastructure\OspreyPulseAPI.Modules.Social.Infrastructure.csproj", "{4BE01606-9961-4F2B-B62C-65032A9BD6C2}"
EndProject
Project("{FAE04EC0-301F-11D3-BF4B-00C04F79EFBC}") = "OspreyPulseAPI.Modules.Social.Presentation", "src\Modules\Social\OspreyPulseAPI.Modules.Social.Presentation\OspreyPulseAPI.Modules.Social.Presentation.csproj", "{4F477486-BF35-45D5-9B35-8F73D79B1DC2}"
EndProject
Project("{FAE04EC0-301F-11D3-BF4B-00C04F79EFBC}") = "OspreyPulseAPI.Modules.Economy.Domain", "src\Modules\Economy\OspreyPulseAPI.Modules.Economy.Domain\OspreyPulseAPI.Modules.Economy.Domain.csproj", "{845C34CB-1B24-4723-8D94-33FE0A5F63DB}"
EndProject
Project("{FAE04EC0-301F-11D3-BF4B-00C04F79EFBC}") = "OspreyPulseAPI.Modules.Economy.Application", "src\Modules\Economy\OspreyPulseAPI.Modules.Economy.Application\OspreyPulseAPI.Modules.Economy.Application.csproj", "{E61E25E3-A4A7-49E3-BB07-725E3F8FA525}"
EndProject
Global
	GlobalSection(SolutionConfigurationPlatforms) = preSolution
		Debug|Any CPU = Debug|Any CPU
		Debug|x64 = Debug|x64
		Debug|x86 = Debug|x86
		Release|Any CPU = Release|Any CPU
		Release|x64 = Release|x64
		Release|x86 = Release|x86
	EndGlobalSection
	GlobalSection(ProjectConfigurationPlatforms) = postSolution
		{F99874BF-7FFD-457F-86F6-3B9BD4DE640B}.Debug|Any CPU.ActiveCfg = Debug|Any CPU
		{F99874BF-7FFD-457F-86F6-3B9BD4DE640B}.Debug|Any CPU.Build.0 = Debug|Any CPU
		{F99874BF-7FFD-457F-86F6-3B9BD4DE640B}.Debug|x64.ActiveCfg = Debug|Any CPU
		{F99874BF-7FFD-457F-86F6-3B9BD4DE640B}.Debug|x64.Build.0 = Debug|Any CPU
		{F99874BF-7FFD-457F-86F6-3B9BD4DE640B}.Debug|x86.ActiveCfg = Debug|Any CPU
		{F99874BF-7FFD-457F-86F6-3B9BD4DE640B}.Debug|x86.Build.0 = Debug|Any CPU
		{F99874BF-7FFD-457F-86F6-3B9BD4DE640B}.Release|Any CPU.ActiveCfg = Release|Any CPU
		{F99874BF-7FFD-457F-86F6-3B9BD4DE640B}.Release|Any CPU.Build.0 = Release|Any CPU
		{F99874BF-7FFD-457F-86F6-3B9BD4DE640B}.Release|x64.ActiveCfg = Release|Any CPU
		{F99874BF-7FFD-457F-86F6-3B9BD4DE640B}.Release|x64.Build.0 = Release|Any CPU
		{F99874BF-7FFD-457F-86F6-3B9BD4DE640B}.Release|x86.ActiveCfg = Release|Any CPU
		{F99874BF-7FFD-457F-86F6-3B9BD4DE640B}.Release|x86.Build.0 = Release|Any CPU
		{68A454A3-247C-4401-B854-CEA7D8642B73}.Debug|Any CPU.ActiveCfg = Debug|Any CPU
		{68A454A3-247C-4401-B854-CEA7D8642B73}.Debug|Any CPU.Build.0 = Debug|Any CPU
		{68A454A3-247C-4401-B854-CEA7D8642B73}.Debug|x64.ActiveCfg = Debug|Any CPU
		{68A454A3-247C-4401-B854-CEA7D8642B73}.Debug|x64.Build.0 = Debug|Any CPU
		{68A454A3-247C-4401-B854-CEA7D8642B73}.Debug|x86.ActiveCfg = Debug|Any CPU
		{68A454A3-247C-4401-B854-CEA7D8642B73}.Debug|x86.Build.0 = Debug|Any CPU
		{68A454A3-247C-4401-B854-CEA7D8642B73}.Release|Any CPU.ActiveCfg = Release|Any CPU
		{68A454A3-247C-4401-B854-CEA7D8642B73}.Release|Any CPU.Build.0 = Release|Any CPU
		{68A454A3-247C-4401-B854-CEA7D8642B73}.Release|x64.ActiveCfg = Release|Any CPU
		{68A454A3-247C-4401-B854-CEA7D8642B73}.Release|x64.Build.0 = Release|Any CPU
		{68A454A3-247C-4401-B854-CEA7D8642B73}.Release|x86.ActiveCfg = Release|Any CPU
		{68A454A3-247C-4401-B854-CEA7D8642B73}.Release|x86.Build.0 = Release|Any CPU
		{C206D2DA-01E6-4D3D-B1F4-B86364940F9A}.Debug|Any CPU.ActiveCfg = Debug|Any CPU
		{C206D2DA-01E6-4D3D-B1F4-B86364940F9A}.Debug|Any CPU.Build.0 = Debug|Any CPU
		{C206D2DA-01E6-4D3D-B1F4-B86364940F9A}.Debug|x64.ActiveCfg = Debug|Any CPU
		{C206D2DA-01E6-4D3D-B1F4-B86364940F9A}.Debug|x64.Build.0 = Debug|Any CPU
		{C206D2DA-01E6-4D3D-B1F4-B86364940F9A}.Debug|x86.ActiveCfg = Debug|Any CPU
		{C206D2DA-01E6-4D3D-B1F4-B86364940F9A}.Debug|x86.Build.0 = Debug|Any CPU
		{C206D2DA-01E6-4D3D-B1F4-B86364940F9A}.Release|Any CPU.ActiveCfg = Release|Any CPU
		{C206D2DA-01E6-4D3D-B1F4-B86364940F9A}.Release|Any CPU.Build.0 = Release|Any CPU
		{C206D2DA-01E6-4D3D-B1F4-B86364940F9A}.Release|x64.ActiveCfg = Release|Any CPU
		{C206D2DA-01E6-4D3D-B1F4-B86364940F9A}.Release|x64.Build.0 = Release|Any CPU
		{C206D2DA-01E6-4D3D-B1F4-B86364940F9A}.Release|x86.ActiveCfg = Release|Any CPU
		{C206D2DA-01E6-4D3D-B1F4-B86364940F9A}.Release|x86.Build.0 = Release|Any CPU
		{27809292-E5DF-486A-9288-DADE1A2019F7}.Debug|Any CPU.ActiveCfg = Debug|Any CPU
		{27809292-E5DF-486A-9288-DADE1A2019F7}.Debug|Any CPU.Build.0 = Debug|Any CPU
		{27809292-E5DF-486A-9288-DADE1A2019F7}.Debug|x64.ActiveCfg = Debug|Any CPU
		{27809292-E5DF-486A-9288-DADE1A2019F7}.Debug|x64.Build.0 = Debug|Any CPU
		{27809292-E5DF-486A-9288-DADE1A2019F7}.Debug|x86.ActiveCfg = Debug|Any CPU
		{27809292-E5DF-486A-9288-DADE1A2019F7}.Debug|x86.Build.0 = Debug|Any CPU
		{27809292-E5DF-486A-9288-DADE1A2019F7}.Release|Any CPU.ActiveCfg = Release|Any CPU
		{27809292-E5DF-486A-9288-DADE1A2019F7}.Release|Any CPU.Build.0 = Release|Any CPU
		{27809292-E5DF-486A-9288-DADE1A2019F7}.Release|x64.ActiveCfg = Release|Any CPU
		{27809292-E5DF-486A-9288-DADE1A2019F7}.Release|x64.Build.0 = Release|Any CPU
		{27809292-E5DF-486A-9288-DADE1A2019F7}.Release|x86.ActiveCfg = Release|Any CPU
		{27809292-E5DF-486A-9288-DADE1A2019F7}.Release|x86.Build.0 = Release|Any CPU
		{F4EE662D-47B3-494A-B498-D161089698E6}.Debug|Any CPU.ActiveCfg = Debug|Any CPU
		{F4EE662D-47B3-494A-B498-D161089698E6}.Debug|Any CPU.Build.0 = Debug|Any CPU
		{F4EE662D-47B3-494A-B498-D161089698E6}.Debug|x64.ActiveCfg = Debug|Any CPU
		{F4EE662D-47B3-494A-B498-D161089698E6}.Debug|x64.Build.0 = Debug|Any CPU
		{F4EE662D-47B3-494A-B498-D161089698E6}.Debug|x86.ActiveCfg = Debug|Any CPU
		{F4EE662D-47B3-494A-B498-D161089698E6}.Debug|x86.Build.0 = Debug|Any CPU
		{F4EE662D-47B3-494A-B498-D161089698E6}.Release|Any CPU.ActiveCfg = Release|Any CPU
		{F4EE662D-47B3-494A-B498-D161089698E6}.Release|Any CPU.Build.0 = Release|Any CPU
		{F4EE662D-47B3-494A-B498-D161089698E6}.Release|x64.ActiveCfg = Release|Any CPU
		{F4EE662D-47B3-494A-B498-D161089698E6}.Release|x64.Build.0 = Release|Any CPU
		{F4EE662D-47B3-494A-B498-D161089698E6}.Release|x86.ActiveCfg = Release|Any CPU
		{F4EE662D-47B3-494A-B498-D161089698E6}.Release|x86.Build.0 = Release|Any CPU
		{4660220E-B454-4B1C-A75D-D0E55C2936E9}.Debug|Any CPU.ActiveCfg = Debug|Any CPU
		{4660220E-B454-4B1C-A75D-D0E55C2936E9}.Debug|Any CPU.Build.0 = Debug|Any CPU
		{4660220E-B454-4B1C-A75D-D0E55C2936E9}.Debug|x64.ActiveCfg = Debug|Any CPU
		{4660220E-B454-4B1C-A75D-D0E55C2936E9}.Debug|x64.Build.0 = Debug|Any CPU
		{4660220E-B454-4B1C-A75D-D0E55C2936E9}.Debug|x86.ActiveCfg = Debug|Any CPU
		{4660220E-B454-4B1C-A75D-D0E55C2936E9}.Debug|x86.Build.0 = Debug|Any CPU
		{4660220E-B454-4B1C-A75D-D0E55C2936E9}.Release|Any CPU.ActiveCfg = Release|Any CPU
		{4660220E-B454-4B1C-A75D-D0E55C2936E9}.Release|Any CPU.Build.0 = Release|Any CPU
		{4660220E-B454-4B1C-A75D-D0E55C2936E9}.Release|x64.ActiveCfg = Release|Any CPU
		{4660220E-B454-4B1C-A75D-D0E55C2936E9}.Release|x64.Build.0 = Release|Any CPU
		{4660220E-B454-4B1C-A75D-D0E55C2936E9}.Release|x86.ActiveCfg = Release|Any CPU
		{4660220E-B454-4B1C-A75D-D0E55C2936E9}.Release|x86.Build.0 = Release|Any CPU
		{B39CEF37-8BD3-4025-BDA1-A82ED10E3A31}.Debug|Any CPU.ActiveCfg = Debug|Any CPU
		{B39CEF37-8BD3-4025-BDA1-A82ED10E3A31}.Debug|Any CPU.Build.0 = Debug|Any CPU
		{B39CEF37-8BD3-4025-BDA1-A82ED10E3A31}.Debug|x64.ActiveCfg = Debug|Any CPU
		{B39CEF37-8BD3-4025-BDA1-A82ED10E3A31}.Debug|x64.Build.0 = Debug|Any CPU
		{B39CEF37-8BD3-4025-BDA1-A82ED10E3A31}.Debug|x86.ActiveCfg = Debug|Any CPU
		{B39CEF37-8BD3-4025-BDA1-A82ED10E3A31}.Debug|x86.Build.0 = Debug|Any CPU
		{B39CEF37-8BD3-4025-BDA1-A82ED10E3A31}.Release|Any CPU.ActiveCfg = Release|Any CPU
		{B39CEF37-8BD3-4025-BDA1-A82ED10E3A31}.Release|Any CPU.Build.0 = Release|Any CPU
		{B39CEF37-8BD3-4025-BDA1-A82ED10E3A31}.Release|x64.ActiveCfg = Release|Any CPU
		{B39CEF37-8BD3-4025-BDA1-A82ED10E3A31}.Release|x64.Build.0 = Release|Any CPU
		{B39CEF37-8BD3-4025-BDA1-A82ED10E3A31}.Release|x86.ActiveCfg = Release|Any CPU
		{B39CEF37-8BD3-4025-BDA1-A82ED10E3A31}.Release|x86.Build.0 = Release|Any CPU
		{EAFD06D9-9A60-49EC-9704-EDA1743DF967}.Debug|Any CPU.ActiveCfg = Debug|Any CPU
		{EAFD06D9-9A60-49EC-9704-EDA1743DF967}.Debug|Any CPU.Build.0 = Debug|Any CPU
		{EAFD06D9-9A60-49EC-9704-EDA1743DF967}.Debug|x64.ActiveCfg = Debug|Any CPU
		{EAFD06D9-9A60-49EC-9704-EDA1743DF967}.Debug|x64.Build.0 = Debug|Any CPU
		{EAFD06D9-9A60-49EC-9704-EDA1743DF967}.Debug|x86.ActiveCfg = Debug|Any CPU
		{EAFD06D9-9A60-49EC-9704-EDA1743DF967}.Debug|x86.Build.0 = Debug|Any CPU
		{EAFD06D9-9A60-49EC-9704-EDA1743DF967}.Release|Any CPU.ActiveCfg = Release|Any CPU
		{EAFD06D9-9A60-49EC-9704-EDA1743DF967}.Release|Any CPU.Build.0 = Release|Any CPU
		{EAFD06D9-9A60-49EC-9704-EDA1743DF967}.Release|x64.ActiveCfg = Release|Any CPU
		{EAFD06D9-9A60-49EC-9704-EDA1743DF967}.Release|x64.Build.0 = Release|Any CPU
		{EAFD06D9-9A60-49EC-9704-EDA1743DF967}.Release|x86.ActiveCfg = Release|Any CPU
		{EAFD06D9-9A60-49EC-9704-EDA1743DF967}.Release|x86.Build.0 = Release|Any CPU
		{D3D21BBB-D9A5-4A5A-A840-591C25CD9D41}.Debug|Any CPU.ActiveCfg = Debug|Any CPU
		{D3D21BBB-D9A5-4A5A-A840-591C25CD9D41}.Debug|Any CPU.Build.0 = Debug|Any CPU
		{D3D21BBB-D9A5-4A5A-A840-591C25CD9D41}.Debug|x64.ActiveCfg = Debug|Any CPU
		{D3D21BBB-D9A5-4A5A-A840-591C25CD9D41}.Debug|x64.Build.0 = Debug|Any CPU
		{D3D21BBB-D9A5-4A5A-A840-591C25CD9D41}.Debug|x86.ActiveCfg = Debug|Any CPU
		{D3D21BBB-D9A5-4A5A-A840-591C25CD9D41}.Debug|x86.Build.0 = Debug|Any CPU
		{D3D21BBB-D9A5-4A5A-A840-591C25CD9D41}.Release|Any CPU.ActiveCfg = Release|Any CPU
		{D3D21BBB-D9A5-4A5A-A840-591C25CD9D41}.Release|Any CPU.Build.0 = Release|Any CPU
		{D3D21BBB-D9A5-4A5A-A840-591C25CD9D41}.Release|x64.ActiveCfg = Release|Any CPU
		{D3D21BBB-D9A5-4A5A-A840-591C25CD9D41}.Release|x64.Build.0 = Release|Any CPU
		{D3D21BBB-D9A5-4A5A-A840-591C25CD9D41}.Release|x86.ActiveCfg = Release|Any CPU
		{D3D21BBB-D9A5-4A5A-A840-591C25CD9D41}.Release|x86.Build.0 = Release|Any CPU
		{A1C9D173-B7F3-40CB-94D0-157911D99DF6}.Debug|Any CPU.ActiveCfg = Debug|Any CPU
		{A1C9D173-B7F3-40CB-94D0-157911D99DF6}.Debug|Any CPU.Build.0 = Debug|Any CPU
		{A1C9D173-B7F3-40CB-94D0-157911D99DF6}.Debug|x64.ActiveCfg = Debug|Any CPU
		{A1C9D173-B7F3-40CB-94D0-157911D99DF6}.Debug|x64.Build.0 = Debug|Any CPU
		{A1C9D173-B7F3-40CB-94D0-157911D99DF6}.Debug|x86.ActiveCfg = Debug|Any CPU
		{A1C9D173-B7F3-40CB-94D0-157911D99DF6}.Debug|x86.Build.0 = Debug|Any CPU
		{A1C9D173-B7F3-40CB-94D0-157911D99DF6}.Release|Any CPU.ActiveCfg = Release|Any CPU
		{A1C9D173-B7F3-40CB-94D0-157911D99DF6}.Release|Any CPU.Build.0 = Release|Any CPU
		{A1C9D173-B7F3-40CB-94D0-157911D99DF6}.Release|x64.ActiveCfg = Release|Any CPU
		{A1C9D173-B7F3-40CB-94D0-157911D99DF6}.Release|x64.Build.0 = Release|Any CPU
		{A1C9D173-B7F3-40CB-94D0-157911D99DF6}.Release|x86.ActiveCfg = Release|Any CPU
		{A1C9D173-B7F3-40CB-94D0-157911D99DF6}.Release|x86.Build.0 = Release|Any CPU
		{C45FA8A9-969A-456D-B5CD-91E5479F5935}.Debug|Any CPU.ActiveCfg = Debug|Any CPU
		{C45FA8A9-969A-456D-B5CD-91E5479F5935}.Debug|Any CPU.Build.0 = Debug|Any CPU
		{C45FA8A9-969A-456D-B5CD-91E5479F5935}.Debug|x64.ActiveCfg = Debug|Any CPU
		{C45FA8A9-969A-456D-B5CD-91E5479F5935}.Debug|x64.Build.0 = Debug|Any CPU
		{C45FA8A9-969A-456D-B5CD-91E5479F5935}.Debug|x86.ActiveCfg = Debug|Any CPU
		{C45FA8A9-969A-456D-B5CD-91E5479F5935}.Debug|x86.Build.0 = Debug|Any CPU
		{C45FA8A9-969A-456D-B5CD-91E5479F5935}.Release|Any CPU.ActiveCfg = Release|Any CPU
		{C45FA8A9-969A-456D-B5CD-91E5479F5935}.Release|Any CPU.Build.0 = Release|Any CPU
		{C45FA8A9-969A-456D-B5CD-91E5479F5935}.Release|x64.ActiveCfg = Release|Any CPU
		{C45FA8A9-969A-456D-B5CD-91E5479F5935}.Release|x64.Build.0 = Release|Any CPU
		{C45FA8A9-969A-456D-B5CD-91E5479F5935}.Release|x86.ActiveCfg = Release|Any CPU
		{C45FA8A9-969A-456D-B5CD-91E5479F5935}.Release|x86.Build.0 = Release|Any CPU
		{9048C9B6-14C0-4480-8386-64841483344D}.Debug|Any CPU.ActiveCfg = Debug|Any CPU
		{9048C9B6-14C0-4480-8386-64841483344D}.Debug|Any CPU.Build.0 = Debug|Any CPU
		{9048C9B6-14C0-4480-8386-64841483344D}.Debug|x64.ActiveCfg = Debug|Any CPU
		{9048C9B6-14C0-4480-8386-64841483344D}.Debug|x64.Build.0 = Debug|Any CPU
		{9048C9B6-14C0-4480-8386-64841483344D}.Debug|x86.ActiveCfg = Debug|Any CPU
		{9048C9B6-14C0-4480-8386-64841483344D}.Debug|x86.Build.0 = Debug|Any CPU
		{9048C9B6-14C0-4480-8386-64841483344D}.Release|Any CPU.ActiveCfg = Release|Any CPU
		{9048C9B6-14C0-4480-8386-64841483344D}.Release|Any CPU.Build.0 = Release|Any CPU
		{9048C9B6-14C0-4480-8386-64841483344D}.Release|x64.ActiveCfg = Release|Any CPU
		{9048C9B6-14C0-4480-8386-64841483344D}.Release|x64.Build.0 = Release|Any CPU
		{9048C9B6-14C0-4480-8386-64841483344D}.Release|x86.ActiveCfg = Release|Any CPU
		{9048C9B6-14C0-4480-8386-64841483344D}.Release|x86.Build.0 = Release|Any CPU
		{F3CFF5BE-1A36-4657-9B77-C7E4279B2562}.Debug|Any CPU.ActiveCfg = Debug|Any CPU
		{F3CFF5BE-1A36-4657-9B77-C7E4279B2562}.Debug|Any CPU.Build.0 = Debug|Any CPU
		{F3CFF5BE-1A36-4657-9B77-C7E4279B2562}.Debug|x64.ActiveCfg = Debug|Any CPU
		{F3CFF5BE-1A36-4657-9B77-C7E4279B2562}.Debug|x64.Build.0 = Debug|Any CPU
		{F3CFF5BE-1A36-4657-9B77-C7E4279B2562}.Debug|x86.ActiveCfg = Debug|Any CPU
		{F3CFF5BE-1A36-4657-9B77-C7E4279B2562}.Debug|x86.Build.0 = Debug|Any CPU
		{F3CFF5BE-1A36-4657-9B77-C7E4279B2562}.Release|Any CPU.ActiveCfg = Release|Any CPU
		{F3CFF5BE-1A36-4657-9B77-C7E4279B2562}.Release|Any CPU.Build.0 = Release|Any CPU
		{F3CFF5BE-1A36-4657-9B77-C7E4279B2562}.Release|x64.ActiveCfg = Release|Any CPU
		{F3CFF5BE-1A36-4657-9B77-C7E4279B2562}.Release|x64.Build.0 = Release|Any CPU
		{F3CFF5BE-1A36-4657-9B77-C7E4279B2562}.Release|x86.ActiveCfg = Release|Any CPU
		{F3CFF5BE-1A36-4657-9B77-C7E4279B2562}.Release|x86.Build.0 = Release|Any CPU
		{0E2D04E7-F713-419D-BA6F-74E496B98FC2}.Debug|Any CPU.ActiveCfg = Debug|Any CPU
		{0E2D04E7-F713-419D-BA6F-74E496B98FC2}.Debug|Any CPU.Build.0 = Debug|Any CPU
		{0E2D04E7-F713-419D-BA6F-74E496B98FC2}.Debug|x64.ActiveCfg = Debug|Any CPU
		{0E2D04E7-F713-419D-BA6F-74E496B98FC2}.Debug|x64.Build.0 = Debug|Any CPU
		{0E2D04E7-F713-419D-BA6F-74E496B98FC2}.Debug|x86.ActiveCfg = Debug|Any CPU
		{0E2D04E7-F713-419D-BA6F-74E496B98FC2}.Debug|x86.Build.0 = Debug|Any CPU
		{0E2D04E7-F713-419D-BA6F-74E496B98FC2}.Release|Any CPU.ActiveCfg = Release|Any CPU
		{0E2D04E7-F713-419D-BA6F-74E496B98FC2}.Release|Any CPU.Build.0 = Release|Any CPU
		{0E2D04E7-F713-419D-BA6F-74E496B98FC2}.Release|x64.ActiveCfg = Release|Any CPU
		{0E2D04E7-F713-419D-BA6F-74E496B98FC2}.Release|x64.Build.0 = Release|Any CPU
		{0E2D04E7-F713-419D-BA6F-74E496B98FC2}.Release|x86.ActiveCfg = Release|Any CPU
		{0E2D04E7-F713-419D-BA6F-74E496B98FC2}.Release|x86.Build.0 = Release|Any CPU
		{39A9D23B-6B97-4F2F-9B43-697CF93D87E8}.Debug|Any CPU.ActiveCfg = Debug|Any CPU
		{39A9D23B-6B97-4F2F-9B43-697CF93D87E8}.Debug|Any CPU.Build.0 = Debug|Any CPU
		{39A9D23B-6B97-4F2F-9B43-697CF93D87E8}.Debug|x64.ActiveCfg = Debug|Any CPU
		{39A9D23B-6B97-4F2F-9B43-697CF93D87E8}.Debug|x64.Build.0 = Debug|Any CPU
		{39A9D23B-6B97-4F2F-9B43-697CF93D87E8}.Debug|x86.ActiveCfg = Debug|Any CPU
		{39A9D23B-6B97-4F2F-9B43-697CF93D87E8}.Debug|x86.Build.0 = Debug|Any CPU
		{39A9D23B-6B97-4F2F-9B43-697CF93D87E8}.Release|Any CPU.ActiveCfg = Release|Any CPU
		{39A9D23B-6B97-4F2F-9B43-697CF93D87E8}.Release|Any CPU.Build.0 = Release|Any CPU
		{39A9D23B-6B97-4F2F-9B43-697CF93D87E8}.Release|x64.ActiveCfg = Release|Any CPU
		{39A9D23B-6B97-4F2F-9B43-697CF93D87E8}.Release|x64.Build.0 = Release|Any CPU
		{39A9D23B-6B97-4F2F-9B43-697CF93D87E8}.Release|x86.ActiveCfg = Release|Any CPU
		{39A9D23B-6B97-4F2F-9B43-697CF93D87E8}.Release|x86.Build.0 = Release|Any CPU
		{AA3538BA-0EA8-4A21-8DFA-FC207CF28FC2}.Debug|Any CPU.ActiveCfg = Debug|Any CPU
		{AA3538BA-0EA8-4A21-8DFA-FC207CF28FC2}.Debug|Any CPU.Build.0 = Debug|Any CPU
		{AA3538BA-0EA8-4A21-8DFA-FC207CF28FC2}.Debug|x64.ActiveCfg = Debug|Any CPU
		{AA3538BA-0EA8-4A21-8DFA-FC207CF28FC2}.Debug|x64.Build.0 = Debug|Any CPU
		{AA3538BA-0EA8-4A21-8DFA-FC207CF28FC2}.Debug|x86.ActiveCfg = Debug|Any CPU
		{AA3538BA-0EA8-4A21-8DFA-FC207CF28FC2}.Debug|x86.Build.0 = Debug|Any CPU
		{AA3538BA-0EA8-4A21-8DFA-FC207CF28FC2}.Release|Any CPU.ActiveCfg = Release|Any CPU
		{AA3538BA-0EA8-4A21-8DFA-FC207CF28FC2}.Release|Any CPU.Build.0 = Release|Any CPU
		{AA3538BA-0EA8-4A21-8DFA-FC207CF28FC2}.Release|x64.ActiveCfg = Release|Any CPU
		{AA3538BA-0EA8-4A21-8DFA-FC207CF28FC2}.Release|x64.Build.0 = Release|Any CPU
		{AA3538BA-0EA8-4A21-8DFA-FC207CF28FC2}.Release|x86.ActiveCfg = Release|Any CPU
		{AA3538BA-0EA8-4A21-8DFA-FC207CF28FC2}.Release|x86.Build.0 = Release|Any CPU
		{DE8CBE61-A652-4A03-8F83-9DDCD2D180D4}.Debug|Any CPU.ActiveCfg = Debug|Any CPU
		{DE8CBE61-A652-4A03-8F83-9DDCD2D180D4}.Debug|Any CPU.Build.0 = Debug|Any CPU
		{DE8CBE61-A652-4A03-8F83-9DDCD2D180D4}.Debug|x64.ActiveCfg = Debug|Any CPU
		{DE8CBE61-A652-4A03-8F83-9DDCD2D180D4}.Debug|x64.Build.0 = Debug|Any CPU
		{DE8CBE61-A652-4A03-8F83-9DDCD2D180D4}.Debug|x86.ActiveCfg = Debug|Any CPU
		{DE8CBE61-A652-4A03-8F83-9DDCD2D180D4}.Debug|x86.Build.0 = Debug|Any CPU
		{DE8CBE61-A652-4A03-8F83-9DDCD2D180D4}.Release|Any CPU.ActiveCfg = Release|Any CPU
		{DE8CBE61-A652-4A03-8F83-9DDCD2D180D4}.Release|Any CPU.Build.0 = Release|Any CPU
		{DE8CBE61-A652-4A03-8F83-9DDCD2D180D4}.Release|x64.ActiveCfg = Release|Any CPU
		{DE8CBE61-A652-4A03-8F83-9DDCD2D180D4}.Release|x64.Build.0 = Release|Any CPU
		{DE8CBE61-A652-4A03-8F83-9DDCD2D180D4}.Release|x86.ActiveCfg = Release|Any CPU
		{DE8CBE61-A652-4A03-8F83-9DDCD2D180D4}.Release|x86.Build.0 = Release|Any CPU
		{DC30CE60-C3E9-4D42-95D5-1F8B450D26FE}.Debug|Any CPU.ActiveCfg = Debug|Any CPU
		{DC30CE60-C3E9-4D42-95D5-1F8B450D26FE}.Debug|Any CPU.Build.0 = Debug|Any CPU
		{DC30CE60-C3E9-4D42-95D5-1F8B450D26FE}.Debug|x64.ActiveCfg = Debug|Any CPU
		{DC30CE60-C3E9-4D42-95D5-1F8B450D26FE}.Debug|x64.Build.0 = Debug|Any CPU
		{DC30CE60-C3E9-4D42-95D5-1F8B450D26FE}.Debug|x86.ActiveCfg = Debug|Any CPU
		{DC30CE60-C3E9-4D42-95D5-1F8B450D26FE}.Debug|x86.Build.0 = Debug|Any CPU
		{DC30CE60-C3E9-4D42-95D5-1F8B450D26FE}.Release|Any CPU.ActiveCfg = Release|Any CPU
		{DC30CE60-C3E9-4D42-95D5-1F8B450D26FE}.Release|Any CPU.Build.0 = Release|Any CPU
		{DC30CE60-C3E9-4D42-95D5-1F8B450D26FE}.Release|x64.ActiveCfg = Release|Any CPU
		{DC30CE60-C3E9-4D42-95D5-1F8B450D26FE}.Release|x64.Build.0 = Release|Any CPU
		{DC30CE60-C3E9-4D42-95D5-1F8B450D26FE}.Release|x86.ActiveCfg = Release|Any CPU
		{DC30CE60-C3E9-4D42-95D5-1F8B450D26FE}.Release|x86.Build.0 = Release|Any CPU
		{FFFC81BB-16EC-4417-B26D-C03ACA492CB5}.Debug|Any CPU.ActiveCfg = Debug|Any CPU
		{FFFC81BB-16EC-4417-B26D-C03ACA492CB5}.Debug|Any CPU.Build.0 = Debug|Any CPU
		{FFFC81BB-16EC-4417-B26D-C03ACA492CB5}.Debug|x64.ActiveCfg = Debug|Any CPU
		{FFFC81BB-16EC-4417-B26D-C03ACA492CB5}.Debug|x64.Build.0 = Debug|Any CPU
		{FFFC81BB-16EC-4417-B26D-C03ACA492CB5}.Debug|x86.ActiveCfg = Debug|Any CPU
		{FFFC81BB-16EC-4417-B26D-C03ACA492CB5}.Debug|x86.Build.0 = Debug|Any CPU
		{FFFC81BB-16EC-4417-B26D-C03ACA492CB5}.Release|Any CPU.ActiveCfg = Release|Any CPU
		{FFFC81BB-16EC-4417-B26D-C03ACA492CB5}.Release|Any CPU.Build.0 = Release|Any CPU
		{FFFC81BB-16EC-4417-B26D-C03ACA492CB5}.Release|x64.ActiveCfg = Release|Any CPU
		{FFFC81BB-16EC-4417-B26D-C03ACA492CB5}.Release|x64.Build.0 = Release|Any CPU
		{FFFC81BB-16EC-4417-B26D-C03ACA492CB5}.Release|x86.ActiveCfg = Release|Any CPU
		{FFFC81BB-16EC-4417-B26D-C03ACA492CB5}.Release|x86.Build.0 = Release|Any CPU
		{48C15CD6-301C-448C-804D-3A3B941E78DA}.Debug|Any CPU.ActiveCfg = Debug|Any CPU
		{48C15CD6-301C-448C-804D-3A3B941E78DA}.Debug|Any CPU.Build.0 = Debug|Any CPU
		{48C15CD6-301C-448C-804D-3A3B941E78DA}.Debug|x64.ActiveCfg = Debug|Any CPU
		{48C15CD6-301C-448C-804D-3A3B941E78DA}.Debug|x64.Build.0 = Debug|Any CPU
		{48C15CD6-301C-448C-804D-3A3B941E78DA}.Debug|x86.ActiveCfg = Debug|Any CPU
		{48C15CD6-301C-448C-804D-3A3B941E78DA}.Debug|x86.Build.0 = Debug|Any CPU
		{48C15CD6-301C-448C-804D-3A3B941E78DA}.Release|Any CPU.ActiveCfg = Release|Any CPU
		{48C15CD6-301C-448C-804D-3A3B941E78DA}.Release|Any CPU.Build.0 = Release|Any CPU
		{48C15CD6-301C-448C-804D-3A3B941E78DA}.Release|x64.ActiveCfg = Release|Any CPU
		{48C15CD6-301C-448C-804D-3A3B941E78DA}.Release|x64.Build.0 = Release|Any CPU
		{48C15CD6-301C-448C-804D-3A3B941E78DA}.Release|x86.ActiveCfg = Release|Any CPU
		{48C15CD6-301C-448C-804D-3A3B941E78DA}.Release|x86.Build.0 = Release|Any CPU
		{3907AB24-ABDF-4C15-B892-B92D48362413}.Debug|Any CPU.ActiveCfg = Debug|Any CPU
		{3907AB24-ABDF-4C15-B892-B92D48362413}.Debug|Any CPU.Build.0 = Debug|Any CPU
		{3907AB24-ABDF-4C15-B892-B92D48362413}.Debug|x64.ActiveCfg = Debug|Any CPU
		{3907AB24-ABDF-4C15-B892-B92D48362413}.Debug|x64.Build.0 = Debug|Any CPU
		{3907AB24-ABDF-4C15-B892-B92D48362413}.Debug|x86.ActiveCfg = Debug|Any CPU
		{3907AB24-ABDF-4C15-B892-B92D48362413}.Debug|x86.Build.0 = Debug|Any CPU
		{3907AB24-ABDF-4C15-B892-B92D48362413}.Release|Any CPU.ActiveCfg = Release|Any CPU
		{3907AB24-ABDF-4C15-B892-B92D48362413}.Release|Any CPU.Build.0 = Release|Any CPU
		{3907AB24-ABDF-4C15-B892-B92D48362413}.Release|x64.ActiveCfg = Release|Any CPU
		{3907AB24-ABDF-4C15-B892-B92D48362413}.Release|x64.Build.0 = Release|Any CPU
		{3907AB24-ABDF-4C15-B892-B92D48362413}.Release|x86.ActiveCfg = Release|Any CPU
		{3907AB24-ABDF-4C15-B892-B92D48362413}.Release|x86.Build.0 = Release|Any CPU
		{6FE6F07B-15D6-4D45-A562-3D4318087004}.Debug|Any CPU.ActiveCfg = Debug|Any CPU
		{6FE6F07B-15D6-4D45-A562-3D4318087004}.Debug|Any CPU.Build.0 = Debug|Any CPU
		{6FE6F07B-15D6-4D45-A562-3D4318087004}.Debug|x64.ActiveCfg = Debug|Any CPU
		{6FE6F07B-15D6-4D45-A562-3D4318087004}.Debug|x64.Build.0 = Debug|Any CPU
		{6FE6F07B-15D6-4D45-A562-3D4318087004}.Debug|x86.ActiveCfg = Debug|Any CPU
		{6FE6F07B-15D6-4D45-A562-3D4318087004}.Debug|x86.Build.0 = Debug|Any CPU
		{6FE6F07B-15D6-4D45-A562-3D4318087004}.Release|Any CPU.ActiveCfg = Release|Any CPU
		{6FE6F07B-15D6-4D45-A562-3D4318087004}.Release|Any CPU.Build.0 = Release|Any CPU
		{6FE6F07B-15D6-4D45-A562-3D4318087004}.Release|x64.ActiveCfg = Release|Any CPU
		{6FE6F07B-15D6-4D45-A562-3D4318087004}.Release|x64.Build.0 = Release|Any CPU
		{6FE6F07B-15D6-4D45-A562-3D4318087004}.Release|x86.ActiveCfg = Release|Any CPU
		{6FE6F07B-15D6-4D45-A562-3D4318087004}.Release|x86.Build.0 = Release|Any CPU
		{1FE1E282-C910-4691-8B50-E4D8D23B37D8}.Debug|Any CPU.ActiveCfg = Debug|Any CPU
		{1FE1E282-C910-4691-8B50-E4D8D23B37D8}.Debug|Any CPU.Build.0 = Debug|Any CPU
		{1FE1E282-C910-4691-8B50-E4D8D23B37D8}.Debug|x64.ActiveCfg = Debug|Any CPU
		{1FE1E282-C910-4691-8B50-E4D8D23B37D8}.Debug|x64.Build.0 = Debug|Any CPU
		{1FE1E282-C910-4691-8B50-E4D8D23B37D8}.Debug|x86.ActiveCfg = Debug|Any CPU
		{1FE1E282-C910-4691-8B50-E4D8D23B37D8}.Debug|x86.Build.0 = Debug|Any CPU
		{1FE1E282-C910-4691-8B50-E4D8D23B37D8}.Release|Any CPU.ActiveCfg = Release|Any CPU
		{1FE1E282-C910-4691-8B50-E4D8D23B37D8}.Release|Any CPU.Build.0 = Release|Any CPU
		{1FE1E282-C910-4691-8B50-E4D8D23B37D8}.Release|x64.ActiveCfg = Release|Any CPU
		{1FE1E282-C910-4691-8B50-E4D8D23B37D8}.Release|x64.Build.0 = Release|Any CPU
		{1FE1E282-C910-4691-8B50-E4D8D23B37D8}.Release|x86.ActiveCfg = Release|Any CPU
		{1FE1E282-C910-4691-8B50-E4D8D23B37D8}.Release|x86.Build.0 = Release|Any CPU
		{B06E8E18-8798-4A26-B2A8-4C988F76B470}.Debug|Any CPU.ActiveCfg = Debug|Any CPU
		{B06E8E18-8798-4A26-B2A8-4C988F76B470}.Debug|Any CPU.Build.0 = Debug|Any CPU
		{B06E8E18-8798-4A26-B2A8-4C988F76B470}.Debug|x64.ActiveCfg = Debug|Any CPU
		{B06E8E18-8798-4A26-B2A8-4C988F76B470}.Debug|x64.Build.0 = Debug|Any CPU
		{B06E8E18-8798-4A26-B2A8-4C988F76B470}.Debug|x86.ActiveCfg = Debug|Any CPU
		{B06E8E18-8798-4A26-B2A8-4C988F76B470}.Debug|x86.Build.0 = Debug|Any CPU
		{B06E8E18-8798-4A26-B2A8-4C988F76B470}.Release|Any CPU.ActiveCfg = Release|Any CPU
		{B06E8E18-8798-4A26-B2A8-4C988F76B470}.Release|Any CPU.Build.0 = Release|Any CPU
		{B06E8E18-8798-4A26-B2A8-4C988F76B470}.Release|x64.ActiveCfg = Release|Any CPU
		{B06E8E18-8798-4A26-B2A8-4C988F76B470}.Release|x64.Build.0 = Release|Any CPU
		{B06E8E18-8798-4A26-B2A8-4C988F76B470}.Release|x86.ActiveCfg = Release|Any CPU
		{B06E8E18-8798-4A26-B2A8-4C988F76B470}.Release|x86.Build.0 = Release|Any CPU
		{0E384C35-140B-4196-BF94-CEC6D6A82BB2}.Debug|Any CPU.ActiveCfg = Debug|Any CPU
		{0E384C35-140B-4196-BF94-CEC6D6A82BB2}.Debug|Any CPU.Build.0 = Debug|Any CPU
		{0E384C35-140B-4196-BF94-CEC6D6A82BB2}.Debug|x64.ActiveCfg = Debug|Any CPU
		{0E384C35-140B-4196-BF94-CEC6D6A82BB2}.Debug|x64.Build.0 = Debug|Any CPU
		{0E384C35-140B-4196-BF94-CEC6D6A82BB2}.Debug|x86.ActiveCfg = Debug|Any CPU
		{0E384C35-140B-4196-BF94-CEC6D6A82BB2}.Debug|x86.Build.0 = Debug|Any CPU
		{0E384C35-140B-4196-BF94-CEC6D6A82BB2}.Release|Any CPU.ActiveCfg = Release|Any CPU
		{0E384C35-140B-4196-BF94-CEC6D6A82BB2}.Release|Any CPU.Build.0 = Release|Any CPU
		{0E384C35-140B-4196-BF94-CEC6D6A82BB2}.Release|x64.ActiveCfg = Release|Any CPU
		{0E384C35-140B-4196-BF94-CEC6D6A82BB2}.Release|x64.Build.0 = Release|Any CPU
		{0E384C35-140B-4196-BF94-CEC6D6A82BB2}.Release|x86.ActiveCfg = Release|Any CPU
		{0E384C35-140B-4196-BF94-CEC6D6A82BB2}.Release|x86.Build.0 = Release|Any CPU
		{4BE01606-9961-4F2B-B62C-65032A9BD6C2}.Debug|Any CPU.ActiveCfg = Debug|Any CPU
		{4BE01606-9961-4F2B-B62C-65032A9BD6C2}.Debug|Any CPU.Build.0 = Debug|Any CPU
		{4BE01606-9961-4F2B-B62C-65032A9BD6C2}.Debug|x64.ActiveCfg = Debug|Any CPU
		{4BE01606-9961-4F2B-B62C-65032A9BD6C2}.Debug|x64.Build.0 = Debug|Any CPU
		{4BE01606-9961-4F2B-B62C-65032A9BD6C2}.Debug|x86.ActiveCfg = Debug|Any CPU
		{4BE01606-9961-4F2B-B62C-65032A9BD6C2}.Debug|x86.Build.0 = Debug|Any CPU
		{4BE01606-9961-4F2B-B62C-65032A9BD6C2}.Release|Any CPU.ActiveCfg = Release|Any CPU
		{4BE01606-9961-4F2B-B62C-65032A9BD6C2}.Release|Any CPU.Build.0 = Release|Any CPU
		{4BE01606-9961-4F2B-B62C-65032A9BD6C2}.Release|x64.ActiveCfg = Release|Any CPU
		{4BE01606-9961-4F2B-B62C-65032A9BD6C2}.Release|x64.Build.0 = Release|Any CPU
		{4BE01606-9961-4F2B-B62C-65032A9BD6C2}.Release|x86.ActiveCfg = Release|Any CPU
		{4BE01606-9961-4F2B-B62C-65032A9BD6C2}.Release|x86.Build.0 = Release|Any CPU
		{4F477486-BF35-45D5-9B35-8F73D79B1DC2}.Debug|Any CPU.ActiveCfg = Debug|Any CPU
		{4F477486-BF35-45D5-9B35-8F73D79B1DC2}.Debug|Any CPU.Build.0 = Debug|Any CPU
		{4F477486-BF35-45D5-9B35-8F73D79B1DC2}.Debug|x64.ActiveCfg = Debug|Any CPU
		{4F477486-BF35-45D5-9B35-8F73D79B1DC2}.Debug|x64.Build.0 = Debug|Any CPU
		{4F477486-BF35-45D5-9B35-8F73D79B1DC2}.Debug|x86.ActiveCfg = Debug|Any CPU
		{4F477486-BF35-45D5-9B35-8F73D79B1DC2}.Debug|x86.Build.0 = Debug|Any CPU
		{4F477486-BF35-45D5-9B35-8F73D79B1DC2}.Release|Any CPU.ActiveCfg = Release|Any CPU
		{4F477486-BF35-45D5-9B35-8F73D79B1DC2}.Release|Any CPU.Build.0 = Release|Any CPU
		{4F477486-BF35-45D5-9B35-8F73D79B1DC2}.Release|x64.ActiveCfg = Release|Any CPU
		{4F477486-BF35-45D5-9B35-8F73D79B1DC2}.Release|x64.Build.0 = Release|Any CPU
		{4F477486-BF35-45D5-9B35-8F73D79B1DC2}.Release|x86.ActiveCfg = Release|Any CPU
		{4F477486-BF35-45D5-9B35-8F73D79B1DC2}.Release|x86.Build.0 = Release|Any CPU
		{845C34CB-1B24-4723-8D94-33FE0A5F63DB}.Debug|Any CPU.ActiveCfg = Debug|Any CPU
		{845C34CB-1B24-4723-8D94-33FE0A5F63DB}.Debug|Any CPU.Build.0 = Debug|Any CPU
		{845C34CB-1B24-4723-8D94-33FE0A5F63DB}.Debug|x64.ActiveCfg = Debug|Any CPU
		{845C34CB-1B24-4723-8D94-33FE0A5F63DB}.Debug|x64.Build.0 = Debug|Any CPU
		{845C34CB-1B24-4723-8D94-33FE0A5F63DB}.Debug|x86.ActiveCfg = Debug|Any CPU
		{845C34CB-1B24-4723-8D94-33FE0A5F63DB}.Debug|x86.Build.0 = Debug|Any CPU
		{845C34CB-1B24-4723-8D94-33FE0A5F63DB}.Release|Any CPU.ActiveCfg = Release|Any CPU
		{845C34CB-1B24-4723-8D94-33FE0A5F63DB}.Release|Any CPU.Build.0 = Release|Any CPU
		{845C34CB-1B24-4723-8D94-33FE0A5F63DB}.Release|x64.ActiveCfg = Release|Any CPU
		{845C34CB-1B24-4723-8D94-33FE0A5F63DB}.Release|x64.Build.0 = Release|Any CPU
		{845C34CB-1B24-4723-8D94-33FE0A5F63DB}.Release|x86.ActiveCfg = Release|Any CPU
		{845C34CB-1B24-4723-8D94-33FE0A5F63DB}.Release|x86.Build.0 = Release|Any CPU
		{E61E25E3-A4A7-49E3-BB07-725E3F8FA525}.Debug|Any CPU.ActiveCfg = Debug|Any CPU
		{E61E25E3-A4A7-49E3-BB07-725E3F8FA525}.Debug|Any CPU.Build.0 = Debug|Any CPU
		{E61E25E3-A4A7-49E3-BB07-725E3F8FA525}.Debug|x64.ActiveCfg = Debug|Any CPU
		{E61E25E3-A4A7-49E3-BB07-725E3F8FA525}.Debug|x64.Build.0 = Debug|Any CPU
		{E61E25E3-A4A7-49E3-BB07-725E3F8FA525}.Debug|x86.ActiveCfg = Debug|Any CPU
		{E61E25E3-A4A7-49E3-BB07-725E3F8FA525}.Debug|x86.Build.0 = Debug|Any CPU
		{E61E25E3-A4A7-49E3-BB07-725E3F8FA525}.Release|Any CPU.ActiveCfg = Release|Any CPU
		{E61E25E3-A4A7-49E3-BB07-725E3F8FA525}.Release|Any CPU.Build.0 = Release|Any CPU
		{E61E25E3-A4A7-49E3-BB07-725E3F8FA525}.Release|x64.ActiveCfg = Release|Any CPU
		{E61E25E3-A4A7-49E3-BB07-725E3F8FA525}.Release|x64.Build.0 = Release|Any CPU
		{E61E25E3-A4A7-49E3-BB07-725E3F8FA525}.Release|x86.ActiveCfg = Release|Any CPU
		{E61E25E3-A4A7-49E3-BB07-725E3F8FA525}.Release|x86.Build.0 = Release|Any CPU
	EndGlobalSection
	GlobalSection(SolutionProperties) = preSolution
		HideSolutionNode = FALSE
	EndGlobalSection
	GlobalSection(NestedProjects) = preSolution
		{981C2CF6-E5BB-602A-511C-234B538302B0} = {827E0CD3-B72D-47B6-A68D-7590B98EB39B}
		{F99874BF-7FFD-457F-86F6-3B9BD4DE640B} = {981C2CF6-E5BB-602A-511C-234B538302B0}
		{EC447DCF-ABFA-6E24-52A5-D7FD48A5C558} = {827E0CD3-B72D-47B6-A68D-7590B98EB39B}
		{CC3CEE35-D458-9EF3-A57A-520034201555} = {EC447DCF-ABFA-6E24-52A5-D7FD48A5C558}
		{68A454A3-247C-4401-B854-CEA7D8642B73} = {CC3CEE35-D458-9EF3-A57A-520034201555}
		{04722469-8B03-4186-B604-982B3900F33F} = {EC447DCF-ABFA-6E24-52A5-D7FD48A5C558}
		{C206D2DA-01E6-4D3D-B1F4-B86364940F9A} = {04722469-8B03-4186-B604-982B3900F33F}
		{27809292-E5DF-486A-9288-DADE1A2019F7} = {04722469-8B03-4186-B604-982B3900F33F}
		{F4EE662D-47B3-494A-B498-D161089698E6} = {CC3CEE35-D458-9EF3-A57A-520034201555}
		{BB1D8860-8311-E62E-D03C-503AF4A8C141} = {EC447DCF-ABFA-6E24-52A5-D7FD48A5C558}
		{4660220E-B454-4B1C-A75D-D0E55C2936E9} = {BB1D8860-8311-E62E-D03C-503AF4A8C141}
		{B39CEF37-8BD3-4025-BDA1-A82ED10E3A31} = {BB1D8860-8311-E62E-D03C-503AF4A8C141}
		{EAFD06D9-9A60-49EC-9704-EDA1743DF967} = {BB1D8860-8311-E62E-D03C-503AF4A8C141}
		{D3D21BBB-D9A5-4A5A-A840-591C25CD9D41} = {BB1D8860-8311-E62E-D03C-503AF4A8C141}
		{A1C9D173-B7F3-40CB-94D0-157911D99DF6} = {0AB3BF05-4346-4AA6-1389-037BE0695223}
		{C45FA8A9-969A-456D-B5CD-91E5479F5935} = {0AB3BF05-4346-4AA6-1389-037BE0695223}
		{FF9B44C8-2461-63A0-7A93-9FA943E63718} = {EC447DCF-ABFA-6E24-52A5-D7FD48A5C558}
		{9048C9B6-14C0-4480-8386-64841483344D} = {FF9B44C8-2461-63A0-7A93-9FA943E63718}
		{F3CFF5BE-1A36-4657-9B77-C7E4279B2562} = {FF9B44C8-2461-63A0-7A93-9FA943E63718}
		{0EC62A1A-9858-3A60-8A0C-FC9AACFA2EC7} = {EC447DCF-ABFA-6E24-52A5-D7FD48A5C558}
		{0E2D04E7-F713-419D-BA6F-74E496B98FC2} = {0EC62A1A-9858-3A60-8A0C-FC9AACFA2EC7}
		{39A9D23B-6B97-4F2F-9B43-697CF93D87E8} = {0EC62A1A-9858-3A60-8A0C-FC9AACFA2EC7}
		{C8E42992-5E42-0C2B-DBFE-AA848D06431C} = {827E0CD3-B72D-47B6-A68D-7590B98EB39B}
		{AA3538BA-0EA8-4A21-8DFA-FC207CF28FC2} = {C8E42992-5E42-0C2B-DBFE-AA848D06431C}
		{DE8CBE61-A652-4A03-8F83-9DDCD2D180D4} = {C8E42992-5E42-0C2B-DBFE-AA848D06431C}
		{DC30CE60-C3E9-4D42-95D5-1F8B450D26FE} = {0EC62A1A-9858-3A60-8A0C-FC9AACFA2EC7}
		{FFFC81BB-16EC-4417-B26D-C03ACA492CB5} = {0EC62A1A-9858-3A60-8A0C-FC9AACFA2EC7}
		{48C15CD6-301C-448C-804D-3A3B941E78DA} = {CC3CEE35-D458-9EF3-A57A-520034201555}
		{3907AB24-ABDF-4C15-B892-B92D48362413} = {CC3CEE35-D458-9EF3-A57A-520034201555}
		{6FE6F07B-15D6-4D45-A562-3D4318087004} = {04722469-8B03-4186-B604-982B3900F33F}
		{1FE1E282-C910-4691-8B50-E4D8D23B37D8} = {04722469-8B03-4186-B604-982B3900F33F}
		{33660D39-1269-9B84-677B-56E9D3E08720} = {EC447DCF-ABFA-6E24-52A5-D7FD48A5C558}
		{B06E8E18-8798-4A26-B2A8-4C988F76B470} = {33660D39-1269-9B84-677B-56E9D3E08720}
		{0E384C35-140B-4196-BF94-CEC6D6A82BB2} = {33660D39-1269-9B84-677B-56E9D3E08720}
		{4BE01606-9961-4F2B-B62C-65032A9BD6C2} = {33660D39-1269-9B84-677B-56E9D3E08720}
		{4F477486-BF35-45D5-9B35-8F73D79B1DC2} = {33660D39-1269-9B84-677B-56E9D3E08720}
		{845C34CB-1B24-4723-8D94-33FE0A5F63DB} = {FF9B44C8-2461-63A0-7A93-9FA943E63718}
		{E61E25E3-A4A7-49E3-BB07-725E3F8FA525} = {FF9B44C8-2461-63A0-7A93-9FA943E63718}
	EndGlobalSection
EndGlobal
